
Microsoft Visual Studio Solution File, Format Version 12.00
# Visual Studio Version 16
VisualStudioVersion = 16.0.29411.108
MinimumVisualStudioVersion = 10.0.40219.1
Project("{FAE04EC0-301F-11D3-BF4B-00C04F79EFBC}") = "CWM", "CWM\CWM.csproj", "{6C899D99-D186-4B3C-BD12-3E7F4EA31257}"
EndProject
Global
	GlobalSection(SolutionConfigurationPlatforms) = preSolution
		Debug|Any CPU = Debug|Any CPU
		Release|Any CPU = Release|Any CPU
	EndGlobalSection
	GlobalSection(ProjectConfigurationPlatforms) = postSolution
		{6C899D99-D186-4B3C-BD12-3E7F4EA31257}.Debug|Any CPU.ActiveCfg = Debug|Any CPU
		{6C899D99-D186-4B3C-BD12-3E7F4EA31257}.Debug|Any CPU.Build.0 = Debug|Any CPU
		{6C899D99-D186-4B3C-BD12-3E7F4EA31257}.Release|Any CPU.ActiveCfg = Release|Any CPU
		{6C899D99-D186-4B3C-BD12-3E7F4EA31257}.Release|Any CPU.Build.0 = Release|Any CPU
	EndGlobalSection
	GlobalSection(SolutionProperties) = preSolution
		HideSolutionNode = FALSE
	EndGlobalSection
	GlobalSection(ExtensibilityGlobals) = postSolution
		SolutionGuid = {ECC68B90-36B5-485E-9966-388051246FC2}
	EndGlobalSection
EndGlobal
